
Microsoft Visual Studio Solution File, Format Version 12.00
# Visual Studio Version 17
VisualStudioVersion = 17.2.32526.322
MinimumVisualStudioVersion = 10.0.40219.1
Project("{FAE04EC0-301F-11D3-BF4B-00C04F79EFBC}") = "AppComida.Android", "AppComida.Android\AppComida.Android.csproj", "{3AE958E5-4D62-4378-B335-24481A0672FC}"
EndProject
Project("{FAE04EC0-301F-11D3-BF4B-00C04F79EFBC}") = "AppComida.iOS", "AppComida.iOS\AppComida.iOS.csproj", "{0E142862-3702-4F2A-B975-B3B7B51B39E1}"
EndProject
Project("{FAE04EC0-301F-11D3-BF4B-00C04F79EFBC}") = "AppComida", "AppComida\AppComida.csproj", "{B5509E49-3C65-40DF-BF73-504029CF3A00}"
EndProject
Global
	GlobalSection(SolutionConfigurationPlatforms) = preSolution
		Debug|Any CPU = Debug|Any CPU
		Debug|iPhone = Debug|iPhone
		Debug|iPhoneSimulator = Debug|iPhoneSimulator
		Release|Any CPU = Release|Any CPU
		Release|iPhone = Release|iPhone
		Release|iPhoneSimulator = Release|iPhoneSimulator
	EndGlobalSection
	GlobalSection(ProjectConfigurationPlatforms) = postSolution
		{3AE958E5-4D62-4378-B335-24481A0672FC}.Debug|Any CPU.ActiveCfg = Debug|Any CPU
		{3AE958E5-4D62-4378-B335-24481A0672FC}.Debug|Any CPU.Build.0 = Debug|Any CPU
		{3AE958E5-4D62-4378-B335-24481A0672FC}.Debug|Any CPU.Deploy.0 = Debug|Any CPU
		{3AE958E5-4D62-4378-B335-24481A0672FC}.Debug|iPhone.ActiveCfg = Debug|Any CPU
		{3AE958E5-4D62-4378-B335-24481A0672FC}.Debug|iPhone.Build.0 = Debug|Any CPU
		{3AE958E5-4D62-4378-B335-24481A0672FC}.Debug|iPhone.Deploy.0 = Debug|Any CPU
		{3AE958E5-4D62-4378-B335-24481A0672FC}.Debug|iPhoneSimulator.ActiveCfg = Debug|Any CPU
		{3AE958E5-4D62-4378-B335-24481A0672FC}.Debug|iPhoneSimulator.Build.0 = Debug|Any CPU
		{3AE958E5-4D62-4378-B335-24481A0672FC}.Debug|iPhoneSimulator.Deploy.0 = Debug|Any CPU
		{3AE958E5-4D62-4378-B335-24481A0672FC}.Release|Any CPU.ActiveCfg = Release|Any CPU
		{3AE958E5-4D62-4378-B335-24481A0672FC}.Release|Any CPU.Build.0 = Release|Any CPU
		{3AE958E5-4D62-4378-B335-24481A0672FC}.Release|Any CPU.Deploy.0 = Release|Any CPU
		{3AE958E5-4D62-4378-B335-24481A0672FC}.Release|iPhone.ActiveCfg = Release|Any CPU
		{3AE958E5-4D62-4378-B335-24481A0672FC}.Release|iPhone.Build.0 = Release|Any CPU
		{3AE958E5-4D62-4378-B335-24481A0672FC}.Release|iPhone.Deploy.0 = Release|Any CPU
		{3AE958E5-4D62-4378-B335-24481A0672FC}.Release|iPhoneSimulator.ActiveCfg = Release|Any CPU
		{3AE958E5-4D62-4378-B335-24481A0672FC}.Release|iPhoneSimulator.Build.0 = Release|Any CPU
		{3AE958E5-4D62-4378-B335-24481A0672FC}.Release|iPhoneSimulator.Deploy.0 = Release|Any CPU
		{0E142862-3702-4F2A-B975-B3B7B51B39E1}.Debug|Any CPU.ActiveCfg = Debug|iPhone
		{0E142862-3702-4F2A-B975-B3B7B51B39E1}.Debug|Any CPU.Build.0 = Debug|iPhone
		{0E142862-3702-4F2A-B975-B3B7B51B39E1}.Debug|Any CPU.Deploy.0 = Debug|iPhone
		{0E142862-3702-4F2A-B975-B3B7B51B39E1}.Debug|iPhone.ActiveCfg = Debug|iPhone
		{0E142862-3702-4F2A-B975-B3B7B51B39E1}.Debug|iPhone.Build.0 = Debug|iPhone
		{0E142862-3702-4F2A-B975-B3B7B51B39E1}.Debug|iPhone.Deploy.0 = Debug|iPhone
		{0E142862-3702-4F2A-B975-B3B7B51B39E1}.Debug|iPhoneSimulator.ActiveCfg = Debug|iPhoneSimulator
		{0E142862-3702-4F2A-B975-B3B7B51B39E1}.Debug|iPhoneSimulator.Build.0 = Debug|iPhoneSimulator
		{0E142862-3702-4F2A-B975-B3B7B51B39E1}.Debug|iPhoneSimulator.Deploy.0 = Debug|iPhoneSimulator
		{0E142862-3702-4F2A-B975-B3B7B51B39E1}.Release|Any CPU.ActiveCfg = Release|iPhoneSimulator
		{0E142862-3702-4F2A-B975-B3B7B51B39E1}.Release|Any CPU.Build.0 = Release|iPhoneSimulator
		{0E142862-3702-4F2A-B975-B3B7B51B39E1}.Release|Any CPU.Deploy.0 = Release|iPhoneSimulator
		{0E142862-3702-4F2A-B975-B3B7B51B39E1}.Release|iPhone.ActiveCfg = Release|iPhone
		{0E142862-3702-4F2A-B975-B3B7B51B39E1}.Release|iPhone.Build.0 = Release|iPhone
		{0E142862-3702-4F2A-B975-B3B7B51B39E1}.Release|iPhone.Deploy.0 = Release|iPhone
		{0E142862-3702-4F2A-B975-B3B7B51B39E1}.Release|iPhoneSimulator.ActiveCfg = Release|iPhoneSimulator
		{0E142862-3702-4F2A-B975-B3B7B51B39E1}.Release|iPhoneSimulator.Build.0 = Release|iPhoneSimulator
		{0E142862-3702-4F2A-B975-B3B7B51B39E1}.Release|iPhoneSimulator.Deploy.0 = Release|iPhoneSimulator
		{B5509E49-3C65-40DF-BF73-504029CF3A00}.Debug|Any CPU.ActiveCfg = Debug|Any CPU
		{B5509E49-3C65-40DF-BF73-504029CF3A00}.Debug|Any CPU.Build.0 = Debug|Any CPU
		{B5509E49-3C65-40DF-BF73-504029CF3A00}.Debug|Any CPU.Deploy.0 = Debug|Any CPU
		{B5509E49-3C65-40DF-BF73-504029CF3A00}.Debug|iPhone.ActiveCfg = Debug|Any CPU
		{B5509E49-3C65-40DF-BF73-504029CF3A00}.Debug|iPhone.Build.0 = Debug|Any CPU
		{B5509E49-3C65-40DF-BF73-504029CF3A00}.Debug|iPhone.Deploy.0 = Debug|Any CPU
		{B5509E49-3C65-40DF-BF73-504029CF3A00}.Debug|iPhoneSimulator.ActiveCfg = Debug|Any CPU
		{B5509E49-3C65-40DF-BF73-504029CF3A00}.Debug|iPhoneSimulator.Build.0 = Debug|Any CPU
		{B5509E49-3C65-40DF-BF73-504029CF3A00}.Debug|iPhoneSimulator.Deploy.0 = Debug|Any CPU
		{B5509E49-3C65-40DF-BF73-504029CF3A00}.Release|Any CPU.ActiveCfg = Release|Any CPU
		{B5509E49-3C65-40DF-BF73-504029CF3A00}.Release|Any CPU.Build.0 = Release|Any CPU
		{B5509E49-3C65-40DF-BF73-504029CF3A00}.Release|Any CPU.Deploy.0 = Release|Any CPU
		{B5509E49-3C65-40DF-BF73-504029CF3A00}.Release|iPhone.ActiveCfg = Release|Any CPU
		{B5509E49-3C65-40DF-BF73-504029CF3A00}.Release|iPhone.Build.0 = Release|Any CPU
		{B5509E49-3C65-40DF-BF73-504029CF3A00}.Release|iPhone.Deploy.0 = Release|Any CPU
		{B5509E49-3C65-40DF-BF73-504029CF3A00}.Release|iPhoneSimulator.ActiveCfg = Release|Any CPU
		{B5509E49-3C65-40DF-BF73-504029CF3A00}.Release|iPhoneSimulator.Build.0 = Release|Any CPU
		{B5509E49-3C65-40DF-BF73-504029CF3A00}.Release|iPhoneSimulator.Deploy.0 = Release|Any CPU
	EndGlobalSection
	GlobalSection(SolutionProperties) = preSolution
		HideSolutionNode = FALSE
	EndGlobalSection
	GlobalSection(ExtensibilityGlobals) = postSolution
		SolutionGuid = {B6AF2FD8-288F-4758-9ED9-089C6D05AB1E}
	EndGlobalSection
EndGlobal
